
Microsoft Visual Studio Solution File, Format Version 12.00
# Visual Studio 2013
VisualStudioVersion = 12.0.31101.0
MinimumVisualStudioVersion = 10.0.40219.1
Project("{2150E333-8FDC-42A3-9474-1A3956D46DE8}") = ".nuget", ".nuget", "{B334A1FF-1AD4-4DB7-BCC5-DDD5BBCA55F9}"
	ProjectSection(SolutionItems) = preProject
		.nuget\NuGet.Config = .nuget\NuGet.Config
		.nuget\NuGet.exe = .nuget\NuGet.exe
		.nuget\NuGet.targets = .nuget\NuGet.targets
	EndProjectSection
EndProject
Project("{FAE04EC0-301F-11D3-BF4B-00C04F79EFBC}") = "Security.Identity", "Security.Identity\Security.Identity.csproj", "{0ABC2226-EA64-443F-9CDD-40F6454500C1}"
EndProject
Project("{FAE04EC0-301F-11D3-BF4B-00C04F79EFBC}") = "Security.Web", "Security.Web\Security.Web.csproj", "{FBF9733A-269D-481B-9138-492F860889A6}"
EndProject
Project("{FAE04EC0-301F-11D3-BF4B-00C04F79EFBC}") = "Security.Api", "Security.Api\Security.Api.csproj", "{21B6C378-3C5C-4599-A996-4F3B17140CB1}"
EndProject
Global
	GlobalSection(SolutionConfigurationPlatforms) = preSolution
		Debug|Any CPU = Debug|Any CPU
		Release|Any CPU = Release|Any CPU
	EndGlobalSection
	GlobalSection(ProjectConfigurationPlatforms) = postSolution
		{0ABC2226-EA64-443F-9CDD-40F6454500C1}.Debug|Any CPU.ActiveCfg = Debug|Any CPU
		{0ABC2226-EA64-443F-9CDD-40F6454500C1}.Debug|Any CPU.Build.0 = Debug|Any CPU
		{0ABC2226-EA64-443F-9CDD-40F6454500C1}.Release|Any CPU.ActiveCfg = Release|Any CPU
		{0ABC2226-EA64-443F-9CDD-40F6454500C1}.Release|Any CPU.Build.0 = Release|Any CPU
		{FBF9733A-269D-481B-9138-492F860889A6}.Debug|Any CPU.ActiveCfg = Debug|Any CPU
		{FBF9733A-269D-481B-9138-492F860889A6}.Debug|Any CPU.Build.0 = Debug|Any CPU
		{FBF9733A-269D-481B-9138-492F860889A6}.Release|Any CPU.ActiveCfg = Release|Any CPU
		{FBF9733A-269D-481B-9138-492F860889A6}.Release|Any CPU.Build.0 = Release|Any CPU
		{21B6C378-3C5C-4599-A996-4F3B17140CB1}.Debug|Any CPU.ActiveCfg = Debug|Any CPU
		{21B6C378-3C5C-4599-A996-4F3B17140CB1}.Debug|Any CPU.Build.0 = Debug|Any CPU
		{21B6C378-3C5C-4599-A996-4F3B17140CB1}.Release|Any CPU.ActiveCfg = Release|Any CPU
		{21B6C378-3C5C-4599-A996-4F3B17140CB1}.Release|Any CPU.Build.0 = Release|Any CPU
	EndGlobalSection
	GlobalSection(SolutionProperties) = preSolution
		HideSolutionNode = FALSE
	EndGlobalSection
EndGlobal
